
Microsoft Visual Studio Solution File, Format Version 12.00
# Visual Studio Version 16
VisualStudioVersion = 16.0.31515.178
MinimumVisualStudioVersion = 10.0.40219.1
Project("{FAE04EC0-301F-11D3-BF4B-00C04F79EFBC}") = "StudentsAndTeacherWebApp", "StudentsAndTeacherWebApp\StudentsAndTeacherWebApp.csproj", "{3C0E1EF6-9FFA-4A0B-AC87-B53131F82412}"
EndProject
Project("{FAE04EC0-301F-11D3-BF4B-00C04F79EFBC}") = "StudentsAndTeacherWebApp.Models", "StudentsAndTeacherWebApp.Models\StudentsAndTeacherWebApp.Models.csproj", "{B8BBEE4E-F7DF-458C-896C-629D35491ED5}"
EndProject
Global
	GlobalSection(SolutionConfigurationPlatforms) = preSolution
		Debug|Any CPU = Debug|Any CPU
		Release|Any CPU = Release|Any CPU
	EndGlobalSection
	GlobalSection(ProjectConfigurationPlatforms) = postSolution
		{3C0E1EF6-9FFA-4A0B-AC87-B53131F82412}.Debug|Any CPU.ActiveCfg = Debug|Any CPU
		{3C0E1EF6-9FFA-4A0B-AC87-B53131F82412}.Debug|Any CPU.Build.0 = Debug|Any CPU
		{3C0E1EF6-9FFA-4A0B-AC87-B53131F82412}.Release|Any CPU.ActiveCfg = Release|Any CPU
		{3C0E1EF6-9FFA-4A0B-AC87-B53131F82412}.Release|Any CPU.Build.0 = Release|Any CPU
		{B8BBEE4E-F7DF-458C-896C-629D35491ED5}.Debug|Any CPU.ActiveCfg = Debug|Any CPU
		{B8BBEE4E-F7DF-458C-896C-629D35491ED5}.Debug|Any CPU.Build.0 = Debug|Any CPU
		{B8BBEE4E-F7DF-458C-896C-629D35491ED5}.Release|Any CPU.ActiveCfg = Release|Any CPU
		{B8BBEE4E-F7DF-458C-896C-629D35491ED5}.Release|Any CPU.Build.0 = Release|Any CPU
	EndGlobalSection
	GlobalSection(SolutionProperties) = preSolution
		HideSolutionNode = FALSE
	EndGlobalSection
	GlobalSection(ExtensibilityGlobals) = postSolution
		SolutionGuid = {2C8CFB72-C35F-4A31-AC53-CB602DC19120}
	EndGlobalSection
EndGlobal
